
Microsoft Visual Studio Solution File, Format Version 12.00
# Visual Studio Version 16
VisualStudioVersion = 16.0.29020.237
MinimumVisualStudioVersion = 10.0.40219.1
Project("{FAE04EC0-301F-11D3-BF4B-00C04F79EFBC}") = "pnpWebAPIBackEnd", "pnpWebAPIBackEnd.csproj", "{F991B4C1-D82F-46AF-AC89-93CED34D6E43}"
EndProject
Global
	GlobalSection(SolutionConfigurationPlatforms) = preSolution
		Debug|Any CPU = Debug|Any CPU
		Release|Any CPU = Release|Any CPU
	EndGlobalSection
	GlobalSection(ProjectConfigurationPlatforms) = postSolution
		{F991B4C1-D82F-46AF-AC89-93CED34D6E43}.Debug|Any CPU.ActiveCfg = Debug|Any CPU
		{F991B4C1-D82F-46AF-AC89-93CED34D6E43}.Debug|Any CPU.Build.0 = Debug|Any CPU
		{F991B4C1-D82F-46AF-AC89-93CED34D6E43}.Release|Any CPU.ActiveCfg = Release|Any CPU
		{F991B4C1-D82F-46AF-AC89-93CED34D6E43}.Release|Any CPU.Build.0 = Release|Any CPU
	EndGlobalSection
	GlobalSection(SolutionProperties) = preSolution
		HideSolutionNode = FALSE
	EndGlobalSection
	GlobalSection(ExtensibilityGlobals) = postSolution
		SolutionGuid = {4056A0B1-C47A-413A-A197-FFDAB0B21C1F}
	EndGlobalSection
EndGlobal
